schema: '2.0'
stages:
  get_data:
    cmd: python scripts/data.py
    deps:
    - path: scripts/data.py
      hash: md5
      md5: c8151a2f0c88c8c3c11986039320af32
      size: 1474
    params:
      params.yaml:
        index_col: customer_id
    outs:
    - path: data/initial_data.csv
      hash: md5
      md5: 271ee7ef5417ba920175311fcbe6a6b8
      size: 826283
      cloud:
        my_storage:
          etag: 271ee7ef5417ba920175311fcbe6a6b8
          version_id: 00061F95036840FB
  fit_model:
    cmd: python scripts/fit.py
    deps:
    - path: data/initial_data.csv
      hash: md5
      md5: 271ee7ef5417ba920175311fcbe6a6b8
      size: 826283
    - path: scripts/fit.py
      hash: md5
      md5: 6dc400c02998b6bd6facb4057374c40d
      size: 1721
    params:
      params.yaml:
        auto_class_weights: Balanced
        index_col: customer_id
        one_hot_drop: if_binary
        target_col: target
    outs:
    - path: models/fitted_model.pkl
      hash: md5
      md5: 88aa29c91adede8597ec7c03eef8d5ef
      size: 656247
      cloud:
        my_storage:
          etag: 88aa29c91adede8597ec7c03eef8d5ef
          version_id: 00061F9F7DB2FC6C
  evaluate_model:
    cmd: python scripts/evaluate.py
    deps:
    - path: models/fitted_model.pkl
      hash: md5
      md5: 88aa29c91adede8597ec7c03eef8d5ef
      size: 656247
    - path: scripts/evaluate.py
      hash: md5
      md5: c1cd084fb7ef0313a603e8a0ab0fa034
      size: 919
    params:
      params.yaml:
        index_col: customer_id
        metrics:
        - f1
        - roc_auc
        n_jobs: -1
        n_splits: 6
        target_col: target
    outs:
    - path: cv_results/cv_res.json
      hash: md5
      md5: 5482b6a88d0b2b3cf6cc32b51fde0ee7
      size: 78
      cloud:
        my_storage:
          etag: 5482b6a88d0b2b3cf6cc32b51fde0ee7
          version_id: 00061F9F7DB35E0B
